
Microsoft Visual Studio Solution File, Format Version 12.00
# Visual Studio Version 17
VisualStudioVersion = 17.11.35312.102
MinimumVisualStudioVersion = 10.0.40219.1
Project("{FAE04EC0-301F-11D3-BF4B-00C04F79EFBC}") = "WebApplication1Webpack", "WebApplication1Webpack.csproj", "{09438915-48D6-4510-A3B7-206FEF722728}"
EndProject
Global
	GlobalSection(SolutionConfigurationPlatforms) = preSolution
		Debug|Any CPU = Debug|Any CPU
		Release|Any CPU = Release|Any CPU
	EndGlobalSection
	GlobalSection(ProjectConfigurationPlatforms) = postSolution
		{09438915-48D6-4510-A3B7-206FEF722728}.Debug|Any CPU.ActiveCfg = Debug|Any CPU
		{09438915-48D6-4510-A3B7-206FEF722728}.Debug|Any CPU.Build.0 = Debug|Any CPU
		{09438915-48D6-4510-A3B7-206FEF722728}.Release|Any CPU.ActiveCfg = Release|Any CPU
		{09438915-48D6-4510-A3B7-206FEF722728}.Release|Any CPU.Build.0 = Release|Any CPU
	EndGlobalSection
	GlobalSection(SolutionProperties) = preSolution
		HideSolutionNode = FALSE
	EndGlobalSection
	GlobalSection(ExtensibilityGlobals) = postSolution
		SolutionGuid = {BFD844BA-9465-47EF-855A-EDDA0F8EC582}
	EndGlobalSection
EndGlobal
